
Microsoft Visual Studio Solution File, Format Version 12.00
# Visual Studio Version 16
VisualStudioVersion = 16.0.30717.126
MinimumVisualStudioVersion = 10.0.40219.1
Project("{FAE04EC0-301F-11D3-BF4B-00C04F79EFBC}") = "day10", "day10\day10.csproj", "{6FCB33E3-33A7-4997-A9C6-F4D670D45235}"
EndProject
Global
	GlobalSection(SolutionConfigurationPlatforms) = preSolution
		Debug|Any CPU = Debug|Any CPU
		Release|Any CPU = Release|Any CPU
	EndGlobalSection
	GlobalSection(ProjectConfigurationPlatforms) = postSolution
		{6FCB33E3-33A7-4997-A9C6-F4D670D45235}.Debug|Any CPU.ActiveCfg = Debug|Any CPU
		{6FCB33E3-33A7-4997-A9C6-F4D670D45235}.Debug|Any CPU.Build.0 = Debug|Any CPU
		{6FCB33E3-33A7-4997-A9C6-F4D670D45235}.Release|Any CPU.ActiveCfg = Release|Any CPU
		{6FCB33E3-33A7-4997-A9C6-F4D670D45235}.Release|Any CPU.Build.0 = Release|Any CPU
	EndGlobalSection
	GlobalSection(SolutionProperties) = preSolution
		HideSolutionNode = FALSE
	EndGlobalSection
	GlobalSection(ExtensibilityGlobals) = postSolution
		SolutionGuid = {044AC081-790C-43CB-AE79-201360421C70}
	EndGlobalSection
EndGlobal
